
Microsoft Visual Studio Solution File, Format Version 12.00
# Visual Studio 14
VisualStudioVersion = 14.0.23107.0
MinimumVisualStudioVersion = 10.0.40219.1
Project("{FAE04EC0-301F-11D3-BF4B-00C04F79EFBC}") = "InicioCV", "InicioCV\InicioCV.csproj", "{A1AE1AF7-D4D1-49FE-BF3D-1092E72546EB}"
EndProject
Global
	GlobalSection(SolutionConfigurationPlatforms) = preSolution
		Debug|Any CPU = Debug|Any CPU
		Release|Any CPU = Release|Any CPU
	EndGlobalSection
	GlobalSection(ProjectConfigurationPlatforms) = postSolution
		{A1AE1AF7-D4D1-49FE-BF3D-1092E72546EB}.Debug|Any CPU.ActiveCfg = Debug|Any CPU
		{A1AE1AF7-D4D1-49FE-BF3D-1092E72546EB}.Debug|Any CPU.Build.0 = Debug|Any CPU
		{A1AE1AF7-D4D1-49FE-BF3D-1092E72546EB}.Release|Any CPU.ActiveCfg = Release|Any CPU
		{A1AE1AF7-D4D1-49FE-BF3D-1092E72546EB}.Release|Any CPU.Build.0 = Release|Any CPU
	EndGlobalSection
	GlobalSection(SolutionProperties) = preSolution
		HideSolutionNode = FALSE
	EndGlobalSection
EndGlobal
